// !$*UTF8*$!
{
	archiveVersion = 1;
	classes = {
	};
	objectVersion = 56;
	objects = {

/* Begin PBXBuildFile section */
		B68052392BFB714A009E41D1 /* DepromeetMakersApp.swift in Sources */ = {isa = PBXBuildFile; fileRef = B68052382BFB714A009E41D1 /* DepromeetMakersApp.swift */; };
		B680523D2BFB714B009E41D1 /* Assets.xcassets in Resources */ = {isa = PBXBuildFile; fileRef = B680523C2BFB714B009E41D1 /* Assets.xcassets */; };
		B68052402BFB714B009E41D1 /* Preview Assets.xcassets in Resources */ = {isa = PBXBuildFile; fileRef = B680523F2BFB714B009E41D1 /* Preview Assets.xcassets */; };
		B68052482BFB71CB009E41D1 /* DerpomeetWebView.swift in Sources */ = {isa = PBXBuildFile; fileRef = B68052472BFB71CB009E41D1 /* DerpomeetWebView.swift */; };
		B680524A2BFB71EA009E41D1 /* WebViewPresentable.swift in Sources */ = {isa = PBXBuildFile; fileRef = B68052492BFB71EA009E41D1 /* WebViewPresentable.swift */; };
		B680524D2BFB74DA009E41D1 /* Splash.storyboard in Resources */ = {isa = PBXBuildFile; fileRef = B680524C2BFB74DA009E41D1 /* Splash.storyboard */; };
		B68FBB462C08AF8B00439436 /* UIColor+Ext.swift in Sources */ = {isa = PBXBuildFile; fileRef = B68FBB452C08AF8B00439436 /* UIColor+Ext.swift */; };
		B6BBEB712C021E6B00C1F141 /* WKWebView+Ext.swift in Sources */ = {isa = PBXBuildFile; fileRef = B6BBEB702C021E6B00C1F141 /* WKWebView+Ext.swift */; };
		B6BBEB772C02224100C1F141 /* Bundle+Ext.swift in Sources */ = {isa = PBXBuildFile; fileRef = B6BBEB762C02224100C1F141 /* Bundle+Ext.swift */; };
		B6BBEB792C0222A400C1F141 /* DepromeetWebViewModel.swift in Sources */ = {isa = PBXBuildFile; fileRef = B6BBEB782C0222A400C1F141 /* DepromeetWebViewModel.swift */; };
/* End PBXBuildFile section */

/* Begin PBXFileReference section */
		B68052352BFB714A009E41D1 /* DepromeetMakers.app */ = {isa = PBXFileReference; explicitFileType = wrapper.application; includeInIndex = 0; path = DepromeetMakers.app; sourceTree = BUILT_PRODUCTS_DIR; };
		B68052382BFB714A009E41D1 /* DepromeetMakersApp.swift */ = {isa = PBXFileReference; lastKnownFileType = sourcecode.swift; path = DepromeetMakersApp.swift; sourceTree = "<group>"; };
		B680523C2BFB714B009E41D1 /* Assets.xcassets */ = {isa = PBXFileReference; lastKnownFileType = folder.assetcatalog; path = Assets.xcassets; sourceTree = "<group>"; };
		B680523F2BFB714B009E41D1 /* Preview Assets.xcassets */ = {isa = PBXFileReference; lastKnownFileType = folder.assetcatalog; path = "Preview Assets.xcassets"; sourceTree = "<group>"; };
		B68052472BFB71CB009E41D1 /* DerpomeetWebView.swift */ = {isa = PBXFileReference; lastKnownFileType = sourcecode.swift; path = DerpomeetWebView.swift; sourceTree = "<group>"; };
		B68052492BFB71EA009E41D1 /* WebViewPresentable.swift */ = {isa = PBXFileReference; lastKnownFileType = sourcecode.swift; path = WebViewPresentable.swift; sourceTree = "<group>"; };
		B680524C2BFB74DA009E41D1 /* Splash.storyboard */ = {isa = PBXFileReference; lastKnownFileType = file.storyboard; path = Splash.storyboard; sourceTree = "<group>"; };
		B68FBB452C08AF8B00439436 /* UIColor+Ext.swift */ = {isa = PBXFileReference; lastKnownFileType = sourcecode.swift; path = "UIColor+Ext.swift"; sourceTree = "<group>"; };
		B6BBEB702C021E6B00C1F141 /* WKWebView+Ext.swift */ = {isa = PBXFileReference; lastKnownFileType = sourcecode.swift; path = "WKWebView+Ext.swift"; sourceTree = "<group>"; };
		B6BBEB722C021F8500C1F141 /* SecretKey.xcconfig */ = {isa = PBXFileReference; lastKnownFileType = text.xcconfig; path = SecretKey.xcconfig; sourceTree = "<group>"; };
		B6BBEB752C0221BE00C1F141 /* Info.plist */ = {isa = PBXFileReference; lastKnownFileType = text.plist; path = Info.plist; sourceTree = "<group>"; };
		B6BBEB762C02224100C1F141 /* Bundle+Ext.swift */ = {isa = PBXFileReference; lastKnownFileType = sourcecode.swift; path = "Bundle+Ext.swift"; sourceTree = "<group>"; };
		B6BBEB782C0222A400C1F141 /* DepromeetWebViewModel.swift */ = {isa = PBXFileReference; lastKnownFileType = sourcecode.swift; path = DepromeetWebViewModel.swift; sourceTree = "<group>"; };
/* End PBXFileReference section */

/* Begin PBXFrameworksBuildPhase section */
		B68052322BFB714A009E41D1 /* Frameworks */ = {
			isa = PBXFrameworksBuildPhase;
			buildActionMask = 2147483647;
			files = (
			);
			runOnlyForDeploymentPostprocessing = 0;
		};
/* End PBXFrameworksBuildPhase section */

/* Begin PBXGroup section */
		B680522C2BFB714A009E41D1 = {
			isa = PBXGroup;
			children = (
				B68052372BFB714A009E41D1 /* DepromeetMakers */,
				B68052362BFB714A009E41D1 /* Products */,
			);
			sourceTree = "<group>";
		};
		B68052362BFB714A009E41D1 /* Products */ = {
			isa = PBXGroup;
			children = (
				B68052352BFB714A009E41D1 /* DepromeetMakers.app */,
			);
			name = Products;
			sourceTree = "<group>";
		};
		B68052372BFB714A009E41D1 /* DepromeetMakers */ = {
			isa = PBXGroup;
			children = (
				B6BBEB752C0221BE00C1F141 /* Info.plist */,
				B6BBEB6F2C021E2300C1F141 /* Extensions */,
				B680524B2BFB74CE009E41D1 /* Splash */,
				B68052462BFB71A9009E41D1 /* WebView */,
				B68052382BFB714A009E41D1 /* DepromeetMakersApp.swift */,
				B680523C2BFB714B009E41D1 /* Assets.xcassets */,
				B680523E2BFB714B009E41D1 /* Preview Content */,
				B6BBEB722C021F8500C1F141 /* SecretKey.xcconfig */,
			);
			path = DepromeetMakers;
			sourceTree = "<group>";
		};
		B680523E2BFB714B009E41D1 /* Preview Content */ = {
			isa = PBXGroup;
			children = (
				B680523F2BFB714B009E41D1 /* Preview Assets.xcassets */,
			);
			path = "Preview Content";
			sourceTree = "<group>";
		};
		B68052462BFB71A9009E41D1 /* WebView */ = {
			isa = PBXGroup;
			children = (
				B68052472BFB71CB009E41D1 /* DerpomeetWebView.swift */,
				B68052492BFB71EA009E41D1 /* WebViewPresentable.swift */,
				B6BBEB782C0222A400C1F141 /* DepromeetWebViewModel.swift */,
			);
			path = WebView;
			sourceTree = "<group>";
		};
		B680524B2BFB74CE009E41D1 /* Splash */ = {
			isa = PBXGroup;
			children = (
				B680524C2BFB74DA009E41D1 /* Splash.storyboard */,
			);
			path = Splash;
			sourceTree = "<group>";
		};
		B6BBEB6F2C021E2300C1F141 /* Extensions */ = {
			isa = PBXGroup;
			children = (
				B6BBEB702C021E6B00C1F141 /* WKWebView+Ext.swift */,
				B6BBEB762C02224100C1F141 /* Bundle+Ext.swift */,
				B68FBB452C08AF8B00439436 /* UIColor+Ext.swift */,
			);
			path = Extensions;
			sourceTree = "<group>";
		};
/* End PBXGroup section */

/* Begin PBXNativeTarget section */
		B68052342BFB714A009E41D1 /* DepromeetMakers */ = {
			isa = PBXNativeTarget;
			buildConfigurationList = B68052432BFB714B009E41D1 /* Build configuration list for PBXNativeTarget "DepromeetMakers" */;
			buildPhases = (
				B68052312BFB714A009E41D1 /* Sources */,
				B68052322BFB714A009E41D1 /* Frameworks */,
				B68052332BFB714A009E41D1 /* Resources */,
			);
			buildRules = (
			);
			dependencies = (
			);
			name = DepromeetMakers;
			productName = DepromeetMakers;
			productReference = B68052352BFB714A009E41D1 /* DepromeetMakers.app */;
			productType = "com.apple.product-type.application";
		};
/* End PBXNativeTarget section */

/* Begin PBXProject section */
		B680522D2BFB714A009E41D1 /* Project object */ = {
			isa = PBXProject;
			attributes = {
				BuildIndependentTargetsInParallel = 1;
				LastSwiftUpdateCheck = 1510;
				LastUpgradeCheck = 1510;
				TargetAttributes = {
					B68052342BFB714A009E41D1 = {
						CreatedOnToolsVersion = 15.1;
					};
				};
			};
			buildConfigurationList = B68052302BFB714A009E41D1 /* Build configuration list for PBXProject "DepromeetMakers" */;
			compatibilityVersion = "Xcode 14.0";
			developmentRegion = en;
			hasScannedForEncodings = 0;
			knownRegions = (
				en,
				Base,
			);
			mainGroup = B680522C2BFB714A009E41D1;
			productRefGroup = B68052362BFB714A009E41D1 /* Products */;
			projectDirPath = "";
			projectRoot = "";
			targets = (
				B68052342BFB714A009E41D1 /* DepromeetMakers */,
			);
		};
/* End PBXProject section */

/* Begin PBXResourcesBuildPhase section */
		B68052332BFB714A009E41D1 /* Resources */ = {
			isa = PBXResourcesBuildPhase;
			buildActionMask = 2147483647;
			files = (
				B68052402BFB714B009E41D1 /* Preview Assets.xcassets in Resources */,
				B680523D2BFB714B009E41D1 /* Assets.xcassets in Resources */,
				B680524D2BFB74DA009E41D1 /* Splash.storyboard in Resources */,
			);
			runOnlyForDeploymentPostprocessing = 0;
		};
/* End PBXResourcesBuildPhase section */

/* Begin PBXSourcesBuildPhase section */
		B68052312BFB714A009E41D1 /* Sources */ = {
			isa = PBXSourcesBuildPhase;
			buildActionMask = 2147483647;
			files = (
				B68FBB462C08AF8B00439436 /* UIColor+Ext.swift in Sources */,
				B680524A2BFB71EA009E41D1 /* WebViewPresentable.swift in Sources */,
				B6BBEB712C021E6B00C1F141 /* WKWebView+Ext.swift in Sources */,
				B6BBEB772C02224100C1F141 /* Bundle+Ext.swift in Sources */,
				B6BBEB792C0222A400C1F141 /* DepromeetWebViewModel.swift in Sources */,
				B68052482BFB71CB009E41D1 /* DerpomeetWebView.swift in Sources */,
				B68052392BFB714A009E41D1 /* DepromeetMakersApp.swift in Sources */,
			);
			runOnlyForDeploymentPostprocessing = 0;
		};
/* End PBXSourcesBuildPhase section */

/* Begin XCBuildConfiguration section */
		B68052412BFB714B009E41D1 /* Debug */ = {
			isa = XCBuildConfiguration;
			buildSettings = {
				ALWAYS_SEARCH_USER_PATHS = NO;
				ASSETCATALOG_COMPILER_GENERATE_SWIFT_ASSET_SYMBOL_EXTENSIONS = YES;
				CLANG_ANALYZER_NONNULL = YES;
				CLANG_ANALYZER_NUMBER_OBJECT_CONVERSION = YES_AGGRESSIVE;
				CLANG_CXX_LANGUAGE_STANDARD = "gnu++20";
				CLANG_ENABLE_MODULES = YES;
				CLANG_ENABLE_OBJC_ARC = YES;
				CLANG_ENABLE_OBJC_WEAK = YES;
				CLANG_WARN_BLOCK_CAPTURE_AUTORELEASING = YES;
				CLANG_WARN_BOOL_CONVERSION = YES;
				CLANG_WARN_COMMA = YES;
				CLANG_WARN_CONSTANT_CONVERSION = YES;
				CLANG_WARN_DEPRECATED_OBJC_IMPLEMENTATIONS = YES;
				CLANG_WARN_DIRECT_OBJC_ISA_USAGE = YES_ERROR;
				CLANG_WARN_DOCUMENTATION_COMMENTS = YES;
				CLANG_WARN_EMPTY_BODY = YES;
				CLANG_WARN_ENUM_CONVERSION = YES;
				CLANG_WARN_INFINITE_RECURSION = YES;
				CLANG_WARN_INT_CONVERSION = YES;
				CLANG_WARN_NON_LITERAL_NULL_CONVERSION = YES;
				CLANG_WARN_OBJC_IMPLICIT_RETAIN_SELF = YES;
				CLANG_WARN_OBJC_LITERAL_CONVERSION = YES;
				CLANG_WARN_OBJC_ROOT_CLASS = YES_ERROR;
				CLANG_WARN_QUOTED_INCLUDE_IN_FRAMEWORK_HEADER = YES;
				CLANG_WARN_RANGE_LOOP_ANALYSIS = YES;
				CLANG_WARN_STRICT_PROTOTYPES = YES;
				CLANG_WARN_SUSPICIOUS_MOVE = YES;
				CLANG_WARN_UNGUARDED_AVAILABILITY = YES_AGGRESSIVE;
				CLANG_WARN_UNREACHABLE_CODE = YES;
				CLANG_WARN__DUPLICATE_METHOD_MATCH = YES;
				COPY_PHASE_STRIP = NO;
				DEBUG_INFORMATION_FORMAT = dwarf;
				ENABLE_STRICT_OBJC_MSGSEND = YES;
				ENABLE_TESTABILITY = YES;
				ENABLE_USER_SCRIPT_SANDBOXING = YES;
				GCC_C_LANGUAGE_STANDARD = gnu17;
				GCC_DYNAMIC_NO_PIC = NO;
				GCC_NO_COMMON_BLOCKS = YES;
				GCC_OPTIMIZATION_LEVEL = 0;
				GCC_PREPROCESSOR_DEFINITIONS = (
					"DEBUG=1",
					"$(inherited)",
				);
				GCC_WARN_64_TO_32_BIT_CONVERSION = YES;
				GCC_WARN_ABOUT_RETURN_TYPE = YES_ERROR;
				GCC_WARN_UNDECLARED_SELECTOR = YES;
				GCC_WARN_UNINITIALIZED_AUTOS = YES_AGGRESSIVE;
				GCC_WARN_UNUSED_FUNCTION = YES;
				GCC_WARN_UNUSED_VARIABLE = YES;
				IPHONEOS_DEPLOYMENT_TARGET = 16.0;
				LOCALIZATION_PREFERS_STRING_CATALOGS = YES;
				MTL_ENABLE_DEBUG_INFO = INCLUDE_SOURCE;
				MTL_FAST_MATH = YES;
				ONLY_ACTIVE_ARCH = YES;
				SDKROOT = iphoneos;
				SWIFT_ACTIVE_COMPILATION_CONDITIONS = "DEBUG $(inherited)";
				SWIFT_OPTIMIZATION_LEVEL = "-Onone";
			};
			name = Debug;
		};
		B68052422BFB714B009E41D1 /* Release */ = {
			isa = XCBuildConfiguration;
			buildSettings = {
				ALWAYS_SEARCH_USER_PATHS = NO;
				ASSETCATALOG_COMPILER_GENERATE_SWIFT_ASSET_SYMBOL_EXTENSIONS = YES;
				CLANG_ANALYZER_NONNULL = YES;
				CLANG_ANALYZER_NUMBER_OBJECT_CONVERSION = YES_AGGRESSIVE;
				CLANG_CXX_LANGUAGE_STANDARD = "gnu++20";
				CLANG_ENABLE_MODULES = YES;
				CLANG_ENABLE_OBJC_ARC = YES;
				CLANG_ENABLE_OBJC_WEAK = YES;
				CLANG_WARN_BLOCK_CAPTURE_AUTORELEASING = YES;
				CLANG_WARN_BOOL_CONVERSION = YES;
				CLANG_WARN_COMMA = YES;
				CLANG_WARN_CONSTANT_CONVERSION = YES;
				CLANG_WARN_DEPRECATED_OBJC_IMPLEMENTATIONS = YES;
				CLANG_WARN_DIRECT_OBJC_ISA_USAGE = YES_ERROR;
				CLANG_WARN_DOCUMENTATION_COMMENTS = YES;
				CLANG_WARN_EMPTY_BODY = YES;
				CLANG_WARN_ENUM_CONVERSION = YES;
				CLANG_WARN_INFINITE_RECURSION = YES;
				CLANG_WARN_INT_CONVERSION = YES;
				CLANG_WARN_NON_LITERAL_NULL_CONVERSION = YES;
				CLANG_WARN_OBJC_IMPLICIT_RETAIN_SELF = YES;
				CLANG_WARN_OBJC_LITERAL_CONVERSION = YES;
				CLANG_WARN_OBJC_ROOT_CLASS = YES_ERROR;
				CLANG_WARN_QUOTED_INCLUDE_IN_FRAMEWORK_HEADER = YES;
				CLANG_WARN_RANGE_LOOP_ANALYSIS = YES;
				CLANG_WARN_STRICT_PROTOTYPES = YES;
				CLANG_WARN_SUSPICIOUS_MOVE = YES;
				CLANG_WARN_UNGUARDED_AVAILABILITY = YES_AGGRESSIVE;
				CLANG_WARN_UNREACHABLE_CODE = YES;
				CLANG_WARN__DUPLICATE_METHOD_MATCH = YES;
				COPY_PHASE_STRIP = NO;
				DEBUG_INFORMATION_FORMAT = "dwarf-with-dsym";
				ENABLE_NS_ASSERTIONS = NO;
				ENABLE_STRICT_OBJC_MSGSEND = YES;
				ENABLE_USER_SCRIPT_SANDBOXING = YES;
				GCC_C_LANGUAGE_STANDARD = gnu17;
				GCC_NO_COMMON_BLOCKS = YES;
				GCC_WARN_64_TO_32_BIT_CONVERSION = YES;
				GCC_WARN_ABOUT_RETURN_TYPE = YES_ERROR;
				GCC_WARN_UNDECLARED_SELECTOR = YES;
				GCC_WARN_UNINITIALIZED_AUTOS = YES_AGGRESSIVE;
				GCC_WARN_UNUSED_FUNCTION = YES;
				GCC_WARN_UNUSED_VARIABLE = YES;
				IPHONEOS_DEPLOYMENT_TARGET = 16.0;
				LOCALIZATION_PREFERS_STRING_CATALOGS = YES;
				MTL_ENABLE_DEBUG_INFO = NO;
				MTL_FAST_MATH = YES;
				SDKROOT = iphoneos;
				SWIFT_COMPILATION_MODE = wholemodule;
				VALIDATE_PRODUCT = YES;
			};
			name = Release;
		};
		B68052442BFB714B009E41D1 /* Debug */ = {
			isa = XCBuildConfiguration;
			baseConfigurationReference = B6BBEB722C021F8500C1F141 /* SecretKey.xcconfig */;
			buildSettings = {
				ASSETCATALOG_COMPILER_APPICON_NAME = AppIcon;
				ASSETCATALOG_COMPILER_GLOBAL_ACCENT_COLOR_NAME = AccentColor;
				CODE_SIGN_IDENTITY = "Apple Development";
				"CODE_SIGN_IDENTITY[sdk=iphoneos*]" = "iPhone Developer";
				CODE_SIGN_STYLE = Manual;
				CURRENT_PROJECT_VERSION = 1;
				DEVELOPMENT_ASSET_PATHS = "\"DepromeetMakers/Preview Content\"";
				DEVELOPMENT_TEAM = "";
				"DEVELOPMENT_TEAM[sdk=iphoneos*]" = FWGZZW9F5T;
				ENABLE_PREVIEWS = YES;
				GENERATE_INFOPLIST_FILE = YES;
				INFOPLIST_FILE = DepromeetMakers/Info.plist;
				INFOPLIST_KEY_LSApplicationCategoryType = "";
				INFOPLIST_KEY_UIApplicationSceneManifest_Generation = YES;
				INFOPLIST_KEY_UIApplicationSupportsIndirectInputEvents = YES;
				INFOPLIST_KEY_UILaunchStoryboardName = Splash;
				INFOPLIST_KEY_UISupportedInterfaceOrientations = UIInterfaceOrientationPortrait;
				IPHONEOS_DEPLOYMENT_TARGET = 16.0;
				LD_RUNPATH_SEARCH_PATHS = (
					"$(inherited)",
					"@executable_path/Frameworks",
				);
				MARKETING_VERSION = 1.0;
				PRODUCT_BUNDLE_IDENTIFIER = kr.co.geonhui.DepromeetMakers;
				PRODUCT_NAME = "$(TARGET_NAME)";
				PROVISIONING_PROFILE_SPECIFIER = "";
				"PROVISIONING_PROFILE_SPECIFIER[sdk=iphoneos*]" = DepromeetMakers_Provisioning;
				SWIFT_EMIT_LOC_STRINGS = YES;
				SWIFT_VERSION = 5.0;
				TARGETED_DEVICE_FAMILY = "1,2";
			};
			name = Debug;
		};
		B68052452BFB714B009E41D1 /* Release */ = {
			isa = XCBuildConfiguration;
			baseConfigurationReference = B6BBEB722C021F8500C1F141 /* SecretKey.xcconfig */;
			buildSettings = {
				ASSETCATALOG_COMPILER_APPICON_NAME = AppIcon;
				ASSETCATALOG_COMPILER_GLOBAL_ACCENT_COLOR_NAME = AccentColor;
				CODE_SIGN_IDENTITY = "Apple Development";
				"CODE_SIGN_IDENTITY[sdk=iphoneos*]" = "iPhone Developer";
				CODE_SIGN_STYLE = Manual;
				CURRENT_PROJECT_VERSION = 1;
				DEVELOPMENT_ASSET_PATHS = "\"DepromeetMakers/Preview Content\"";
				DEVELOPMENT_TEAM = "";
				"DEVELOPMENT_TEAM[sdk=iphoneos*]" = FWGZZW9F5T;
				ENABLE_PREVIEWS = YES;
				GENERATE_INFOPLIST_FILE = YES;
				INFOPLIST_FILE = DepromeetMakers/Info.plist;
				INFOPLIST_KEY_LSApplicationCategoryType = "";
				INFOPLIST_KEY_UIApplicationSceneManifest_Generation = YES;
				INFOPLIST_KEY_UIApplicationSupportsIndirectInputEvents = YES;
				INFOPLIST_KEY_UILaunchStoryboardName = Splash;
				INFOPLIST_KEY_UISupportedInterfaceOrientations = UIInterfaceOrientationPortrait;
				IPHONEOS_DEPLOYMENT_TARGET = 16.0;
				LD_RUNPATH_SEARCH_PATHS = (
					"$(inherited)",
					"@executable_path/Frameworks",
				);
				MARKETING_VERSION = 1.0;
				PRODUCT_BUNDLE_IDENTIFIER = kr.co.geonhui.DepromeetMakers;
				PRODUCT_NAME = "$(TARGET_NAME)";
				PROVISIONING_PROFILE_SPECIFIER = "";
				"PROVISIONING_PROFILE_SPECIFIER[sdk=iphoneos*]" = DepromeetMakers_Provisioning;
				SWIFT_EMIT_LOC_STRINGS = YES;
				SWIFT_VERSION = 5.0;
				TARGETED_DEVICE_FAMILY = "1,2";
			};
			name = Release;
		};
/* End XCBuildConfiguration section */

/* Begin XCConfigurationList section */
		B68052302BFB714A009E41D1 /* Build configuration list for PBXProject "DepromeetMakers" */ = {
			isa = XCConfigurationList;
			buildConfigurations = (
				B68052412BFB714B009E41D1 /* Debug */,
				B68052422BFB714B009E41D1 /* Release */,
			);
			defaultConfigurationIsVisible = 0;
			defaultConfigurationName = Release;
		};
		B68052432BFB714B009E41D1 /* Build configuration list for PBXNativeTarget "DepromeetMakers" */ = {
			isa = XCConfigurationList;
			buildConfigurations = (
				B68052442BFB714B009E41D1 /* Debug */,
				B68052452BFB714B009E41D1 /* Release */,
			);
			defaultConfigurationIsVisible = 0;
			defaultConfigurationName = Release;
		};
/* End XCConfigurationList section */
	};
	rootObject = B680522D2BFB714A009E41D1 /* Project object */;
}
